// !$*UTF8*$!
{
	archiveVersion = 1;
	classes = {
	};
	objectVersion = 56;
	objects = {

/* Begin PBXBuildFile section */
		AC0BD81F2B73FF77001623B8 /* MaiaApp.swift in Sources */ = {isa = PBXBuildFile; fileRef = AC0BD81E2B73FF77001623B8 /* MaiaApp.swift */; };
		AC0BD8212B73FF77001623B8 /* ContentView.swift in Sources */ = {isa = PBXBuildFile; fileRef = AC0BD8202B73FF77001623B8 /* ContentView.swift */; };
		AC0BD8232B73FF78001623B8 /* Assets.xcassets in Resources */ = {isa = PBXBuildFile; fileRef = AC0BD8222B73FF78001623B8 /* Assets.xcassets */; };
		AC0BD8262B73FF78001623B8 /* Preview Assets.xcassets in Resources */ = {isa = PBXBuildFile; fileRef = AC0BD8252B73FF78001623B8 /* Preview Assets.xcassets */; };
		AC0BD8302B73FF79001623B8 /* MaiaTests.swift in Sources */ = {isa = PBXBuildFile; fileRef = AC0BD82F2B73FF79001623B8 /* MaiaTests.swift */; };
		AC0BD83A2B73FF79001623B8 /* MaiaUITests.swift in Sources */ = {isa = PBXBuildFile; fileRef = AC0BD8392B73FF79001623B8 /* MaiaUITests.swift */; };
		AC0BD83C2B73FF79001623B8 /* MaiaUITestsLaunchTests.swift in Sources */ = {isa = PBXBuildFile; fileRef = AC0BD83B2B73FF79001623B8 /* MaiaUITestsLaunchTests.swift */; };
		ACC1A16F2B8E6132003119BA /* Offer.swift in Sources */ = {isa = PBXBuildFile; fileRef = ACC1A1392B8E6132003119BA /* Offer.swift */; };
		ACC1A1702B8E6132003119BA /* Wood.swift in Sources */ = {isa = PBXBuildFile; fileRef = ACC1A13B2B8E6132003119BA /* Wood.swift */; };
		ACC1A1712B8E6132003119BA /* CreditCard.swift in Sources */ = {isa = PBXBuildFile; fileRef = ACC1A13C2B8E6132003119BA /* CreditCard.swift */; };
		ACC1A1722B8E6132003119BA /* SmartFeatures.swift in Sources */ = {isa = PBXBuildFile; fileRef = ACC1A13E2B8E6132003119BA /* SmartFeatures.swift */; };
		ACC1A1732B8E6132003119BA /* Storage.swift in Sources */ = {isa = PBXBuildFile; fileRef = ACC1A13F2B8E6132003119BA /* Storage.swift */; };
		ACC1A1742B8E6132003119BA /* GPU.swift in Sources */ = {isa = PBXBuildFile; fileRef = ACC1A1402B8E6132003119BA /* GPU.swift */; };
		ACC1A1752B8E6132003119BA /* Control.swift in Sources */ = {isa = PBXBuildFile; fileRef = ACC1A1412B8E6132003119BA /* Control.swift */; };
		ACC1A1762B8E6132003119BA /* Power.swift in Sources */ = {isa = PBXBuildFile; fileRef = ACC1A1422B8E6132003119BA /* Power.swift */; };
		ACC1A1772B8E6132003119BA /* RemoteControl.swift in Sources */ = {isa = PBXBuildFile; fileRef = ACC1A1432B8E6132003119BA /* RemoteControl.swift */; };
		ACC1A1782B8E6132003119BA /* Playback.swift in Sources */ = {isa = PBXBuildFile; fileRef = ACC1A1442B8E6132003119BA /* Playback.swift */; };
		ACC1A1792B8E6132003119BA /* ComputerFeature.swift in Sources */ = {isa = PBXBuildFile; fileRef = ACC1A1452B8E6132003119BA /* ComputerFeature.swift */; };
		ACC1A17A2B8E6132003119BA /* Chip.swift in Sources */ = {isa = PBXBuildFile; fileRef = ACC1A1462B8E6132003119BA /* Chip.swift */; };
		ACC1A17B2B8E6132003119BA /* Metal.swift in Sources */ = {isa = PBXBuildFile; fileRef = ACC1A1472B8E6132003119BA /* Metal.swift */; };
		ACC1A17C2B8E6132003119BA /* Calling.swift in Sources */ = {isa = PBXBuildFile; fileRef = ACC1A1482B8E6132003119BA /* Calling.swift */; };
		ACC1A17D2B8E6132003119BA /* Battery.swift in Sources */ = {isa = PBXBuildFile; fileRef = ACC1A1492B8E6132003119BA /* Battery.swift */; };
		ACC1A17E2B8E6132003119BA /* Display.swift in Sources */ = {isa = PBXBuildFile; fileRef = ACC1A14A2B8E6132003119BA /* Display.swift */; };
		ACC1A17F2B8E6132003119BA /* Connectivity.swift in Sources */ = {isa = PBXBuildFile; fileRef = ACC1A14B2B8E6132003119BA /* Connectivity.swift */; };
		ACC1A1802B8E6132003119BA /* Waterprof.swift in Sources */ = {isa = PBXBuildFile; fileRef = ACC1A14C2B8E6132003119BA /* Waterprof.swift */; };
		ACC1A1812B8E6132003119BA /* CPU.swift in Sources */ = {isa = PBXBuildFile; fileRef = ACC1A14D2B8E6132003119BA /* CPU.swift */; };
		ACC1A1822B8E6132003119BA /* Camera.swift in Sources */ = {isa = PBXBuildFile; fileRef = ACC1A14E2B8E6132003119BA /* Camera.swift */; };
		ACC1A1832B8E6132003119BA /* Specifications.swift in Sources */ = {isa = PBXBuildFile; fileRef = ACC1A14F2B8E6132003119BA /* Specifications.swift */; };
		ACC1A1842B8E6132003119BA /* Price.swift in Sources */ = {isa = PBXBuildFile; fileRef = ACC1A1502B8E6132003119BA /* Price.swift */; };
		ACC1A1852B8E6132003119BA /* Photo.swift in Sources */ = {isa = PBXBuildFile; fileRef = ACC1A1512B8E6132003119BA /* Photo.swift */; };
		ACC1A1862B8E6132003119BA /* Size.swift in Sources */ = {isa = PBXBuildFile; fileRef = ACC1A1522B8E6132003119BA /* Size.swift */; };
		ACC1A1872B8E6132003119BA /* Code.swift in Sources */ = {isa = PBXBuildFile; fileRef = ACC1A1532B8E6132003119BA /* Code.swift */; };
		ACC1A1882B8E6132003119BA /* Warranty.swift in Sources */ = {isa = PBXBuildFile; fileRef = ACC1A1542B8E6132003119BA /* Warranty.swift */; };
		ACC1A1892B8E6132003119BA /* Medicine.swift in Sources */ = {isa = PBXBuildFile; fileRef = ACC1A1562B8E6132003119BA /* Medicine.swift */; };
		ACC1A18A2B8E6132003119BA /* Nutrients.swift in Sources */ = {isa = PBXBuildFile; fileRef = ACC1A1582B8E6132003119BA /* Nutrients.swift */; };
		ACC1A18B2B8E6132003119BA /* Minerals.swift in Sources */ = {isa = PBXBuildFile; fileRef = ACC1A1592B8E6132003119BA /* Minerals.swift */; };
		ACC1A18C2B8E6132003119BA /* Tuple.swift in Sources */ = {isa = PBXBuildFile; fileRef = ACC1A15A2B8E6132003119BA /* Tuple.swift */; };
		ACC1A18D2B8E6132003119BA /* Food.swift in Sources */ = {isa = PBXBuildFile; fileRef = ACC1A15B2B8E6132003119BA /* Food.swift */; };
		ACC1A18E2B8E6132003119BA /* Vitamins.swift in Sources */ = {isa = PBXBuildFile; fileRef = ACC1A15C2B8E6132003119BA /* Vitamins.swift */; };
		ACC1A18F2B8E6132003119BA /* Category.swift in Sources */ = {isa = PBXBuildFile; fileRef = ACC1A15D2B8E6132003119BA /* Category.swift */; };
		ACC1A1902B8E6132003119BA /* Product.swift in Sources */ = {isa = PBXBuildFile; fileRef = ACC1A15E2B8E6132003119BA /* Product.swift */; };
		ACC1A1912B8E6132003119BA /* Images.swift in Sources */ = {isa = PBXBuildFile; fileRef = ACC1A15F2B8E6132003119BA /* Images.swift */; };
		ACC1A1922B8E6132003119BA /* Drink.swift in Sources */ = {isa = PBXBuildFile; fileRef = ACC1A1612B8E6132003119BA /* Drink.swift */; };
		ACC1A1932B8E6132003119BA /* Information.swift in Sources */ = {isa = PBXBuildFile; fileRef = ACC1A1622B8E6132003119BA /* Information.swift */; };
		ACC1A1942B8E6132003119BA /* Store.swift in Sources */ = {isa = PBXBuildFile; fileRef = ACC1A1642B8E6132003119BA /* Store.swift */; };
/* End PBXBuildFile section */

/* Begin PBXContainerItemProxy section */
		AC0BD82C2B73FF79001623B8 /* PBXContainerItemProxy */ = {
			isa = PBXContainerItemProxy;
			containerPortal = AC0BD8132B73FF77001623B8 /* Project object */;
			proxyType = 1;
			remoteGlobalIDString = AC0BD81A2B73FF77001623B8;
			remoteInfo = Maia;
		};
		AC0BD8362B73FF79001623B8 /* PBXContainerItemProxy */ = {
			isa = PBXContainerItemProxy;
			containerPortal = AC0BD8132B73FF77001623B8 /* Project object */;
			proxyType = 1;
			remoteGlobalIDString = AC0BD81A2B73FF77001623B8;
			remoteInfo = Maia;
		};
/* End PBXContainerItemProxy section */

/* Begin PBXFileReference section */
		AC0BD81B2B73FF77001623B8 /* Maia.app */ = {isa = PBXFileReference; explicitFileType = wrapper.application; includeInIndex = 0; path = Maia.app; sourceTree = BUILT_PRODUCTS_DIR; };
		AC0BD81E2B73FF77001623B8 /* MaiaApp.swift */ = {isa = PBXFileReference; lastKnownFileType = sourcecode.swift; path = MaiaApp.swift; sourceTree = "<group>"; };
		AC0BD8202B73FF77001623B8 /* ContentView.swift */ = {isa = PBXFileReference; lastKnownFileType = sourcecode.swift; path = ContentView.swift; sourceTree = "<group>"; };
		AC0BD8222B73FF78001623B8 /* Assets.xcassets */ = {isa = PBXFileReference; lastKnownFileType = folder.assetcatalog; path = Assets.xcassets; sourceTree = "<group>"; };
		AC0BD8252B73FF78001623B8 /* Preview Assets.xcassets */ = {isa = PBXFileReference; lastKnownFileType = folder.assetcatalog; path = "Preview Assets.xcassets"; sourceTree = "<group>"; };
		AC0BD82B2B73FF79001623B8 /* MaiaTests.xctest */ = {isa = PBXFileReference; explicitFileType = wrapper.cfbundle; includeInIndex = 0; path = MaiaTests.xctest; sourceTree = BUILT_PRODUCTS_DIR; };
		AC0BD82F2B73FF79001623B8 /* MaiaTests.swift */ = {isa = PBXFileReference; lastKnownFileType = sourcecode.swift; path = MaiaTests.swift; sourceTree = "<group>"; };
		AC0BD8352B73FF79001623B8 /* MaiaUITests.xctest */ = {isa = PBXFileReference; explicitFileType = wrapper.cfbundle; includeInIndex = 0; path = MaiaUITests.xctest; sourceTree = BUILT_PRODUCTS_DIR; };
		AC0BD8392B73FF79001623B8 /* MaiaUITests.swift */ = {isa = PBXFileReference; lastKnownFileType = sourcecode.swift; path = MaiaUITests.swift; sourceTree = "<group>"; };
		AC0BD83B2B73FF79001623B8 /* MaiaUITestsLaunchTests.swift */ = {isa = PBXFileReference; lastKnownFileType = sourcecode.swift; path = MaiaUITestsLaunchTests.swift; sourceTree = "<group>"; };
		ACC1A1392B8E6132003119BA /* Offer.swift */ = {isa = PBXFileReference; fileEncoding = 4; lastKnownFileType = sourcecode.swift; path = Offer.swift; sourceTree = "<group>"; };
		ACC1A13B2B8E6132003119BA /* Wood.swift */ = {isa = PBXFileReference; fileEncoding = 4; lastKnownFileType = sourcecode.swift; path = Wood.swift; sourceTree = "<group>"; };
		ACC1A13C2B8E6132003119BA /* CreditCard.swift */ = {isa = PBXFileReference; fileEncoding = 4; lastKnownFileType = sourcecode.swift; path = CreditCard.swift; sourceTree = "<group>"; };
		ACC1A13E2B8E6132003119BA /* SmartFeatures.swift */ = {isa = PBXFileReference; fileEncoding = 4; lastKnownFileType = sourcecode.swift; path = SmartFeatures.swift; sourceTree = "<group>"; };
		ACC1A13F2B8E6132003119BA /* Storage.swift */ = {isa = PBXFileReference; fileEncoding = 4; lastKnownFileType = sourcecode.swift; path = Storage.swift; sourceTree = "<group>"; };
		ACC1A1402B8E6132003119BA /* GPU.swift */ = {isa = PBXFileReference; fileEncoding = 4; lastKnownFileType = sourcecode.swift; path = GPU.swift; sourceTree = "<group>"; };
		ACC1A1412B8E6132003119BA /* Control.swift */ = {isa = PBXFileReference; fileEncoding = 4; lastKnownFileType = sourcecode.swift; path = Control.swift; sourceTree = "<group>"; };
		ACC1A1422B8E6132003119BA /* Power.swift */ = {isa = PBXFileReference; fileEncoding = 4; lastKnownFileType = sourcecode.swift; path = Power.swift; sourceTree = "<group>"; };
		ACC1A1432B8E6132003119BA /* RemoteControl.swift */ = {isa = PBXFileReference; fileEncoding = 4; lastKnownFileType = sourcecode.swift; path = RemoteControl.swift; sourceTree = "<group>"; };
		ACC1A1442B8E6132003119BA /* Playback.swift */ = {isa = PBXFileReference; fileEncoding = 4; lastKnownFileType = sourcecode.swift; path = Playback.swift; sourceTree = "<group>"; };
		ACC1A1452B8E6132003119BA /* ComputerFeature.swift */ = {isa = PBXFileReference; fileEncoding = 4; lastKnownFileType = sourcecode.swift; path = ComputerFeature.swift; sourceTree = "<group>"; };
		ACC1A1462B8E6132003119BA /* Chip.swift */ = {isa = PBXFileReference; fileEncoding = 4; lastKnownFileType = sourcecode.swift; path = Chip.swift; sourceTree = "<group>"; };
		ACC1A1472B8E6132003119BA /* Metal.swift */ = {isa = PBXFileReference; fileEncoding = 4; lastKnownFileType = sourcecode.swift; path = Metal.swift; sourceTree = "<group>"; };
		ACC1A1482B8E6132003119BA /* Calling.swift */ = {isa = PBXFileReference; fileEncoding = 4; lastKnownFileType = sourcecode.swift; path = Calling.swift; sourceTree = "<group>"; };
		ACC1A1492B8E6132003119BA /* Battery.swift */ = {isa = PBXFileReference; fileEncoding = 4; lastKnownFileType = sourcecode.swift; path = Battery.swift; sourceTree = "<group>"; };
		ACC1A14A2B8E6132003119BA /* Display.swift */ = {isa = PBXFileReference; fileEncoding = 4; lastKnownFileType = sourcecode.swift; path = Display.swift; sourceTree = "<group>"; };
		ACC1A14B2B8E6132003119BA /* Connectivity.swift */ = {isa = PBXFileReference; fileEncoding = 4; lastKnownFileType = sourcecode.swift; path = Connectivity.swift; sourceTree = "<group>"; };
		ACC1A14C2B8E6132003119BA /* Waterprof.swift */ = {isa = PBXFileReference; fileEncoding = 4; lastKnownFileType = sourcecode.swift; path = Waterprof.swift; sourceTree = "<group>"; };
		ACC1A14D2B8E6132003119BA /* CPU.swift */ = {isa = PBXFileReference; fileEncoding = 4; lastKnownFileType = sourcecode.swift; path = CPU.swift; sourceTree = "<group>"; };
		ACC1A14E2B8E6132003119BA /* Camera.swift */ = {isa = PBXFileReference; fileEncoding = 4; lastKnownFileType = sourcecode.swift; path = Camera.swift; sourceTree = "<group>"; };
		ACC1A14F2B8E6132003119BA /* Specifications.swift */ = {isa = PBXFileReference; fileEncoding = 4; lastKnownFileType = sourcecode.swift; path = Specifications.swift; sourceTree = "<group>"; };
		ACC1A1502B8E6132003119BA /* Price.swift */ = {isa = PBXFileReference; fileEncoding = 4; lastKnownFileType = sourcecode.swift; path = Price.swift; sourceTree = "<group>"; };
		ACC1A1512B8E6132003119BA /* Photo.swift */ = {isa = PBXFileReference; fileEncoding = 4; lastKnownFileType = sourcecode.swift; path = Photo.swift; sourceTree = "<group>"; };
		ACC1A1522B8E6132003119BA /* Size.swift */ = {isa = PBXFileReference; fileEncoding = 4; lastKnownFileType = sourcecode.swift; path = Size.swift; sourceTree = "<group>"; };
		ACC1A1532B8E6132003119BA /* Code.swift */ = {isa = PBXFileReference; fileEncoding = 4; lastKnownFileType = sourcecode.swift; path = Code.swift; sourceTree = "<group>"; };
		ACC1A1542B8E6132003119BA /* Warranty.swift */ = {isa = PBXFileReference; fileEncoding = 4; lastKnownFileType = sourcecode.swift; path = Warranty.swift; sourceTree = "<group>"; };
		ACC1A1562B8E6132003119BA /* Medicine.swift */ = {isa = PBXFileReference; fileEncoding = 4; lastKnownFileType = sourcecode.swift; path = Medicine.swift; sourceTree = "<group>"; };
		ACC1A1582B8E6132003119BA /* Nutrients.swift */ = {isa = PBXFileReference; fileEncoding = 4; lastKnownFileType = sourcecode.swift; path = Nutrients.swift; sourceTree = "<group>"; };
		ACC1A1592B8E6132003119BA /* Minerals.swift */ = {isa = PBXFileReference; fileEncoding = 4; lastKnownFileType = sourcecode.swift; path = Minerals.swift; sourceTree = "<group>"; };
		ACC1A15A2B8E6132003119BA /* Tuple.swift */ = {isa = PBXFileReference; fileEncoding = 4; lastKnownFileType = sourcecode.swift; path = Tuple.swift; sourceTree = "<group>"; };
		ACC1A15B2B8E6132003119BA /* Food.swift */ = {isa = PBXFileReference; fileEncoding = 4; lastKnownFileType = sourcecode.swift; path = Food.swift; sourceTree = "<group>"; };
		ACC1A15C2B8E6132003119BA /* Vitamins.swift */ = {isa = PBXFileReference; fileEncoding = 4; lastKnownFileType = sourcecode.swift; path = Vitamins.swift; sourceTree = "<group>"; };
		ACC1A15D2B8E6132003119BA /* Category.swift */ = {isa = PBXFileReference; fileEncoding = 4; lastKnownFileType = sourcecode.swift; path = Category.swift; sourceTree = "<group>"; };
		ACC1A15E2B8E6132003119BA /* Product.swift */ = {isa = PBXFileReference; fileEncoding = 4; lastKnownFileType = sourcecode.swift; path = Product.swift; sourceTree = "<group>"; };
		ACC1A15F2B8E6132003119BA /* Images.swift */ = {isa = PBXFileReference; fileEncoding = 4; lastKnownFileType = sourcecode.swift; path = Images.swift; sourceTree = "<group>"; };
		ACC1A1612B8E6132003119BA /* Drink.swift */ = {isa = PBXFileReference; fileEncoding = 4; lastKnownFileType = sourcecode.swift; path = Drink.swift; sourceTree = "<group>"; };
		ACC1A1622B8E6132003119BA /* Information.swift */ = {isa = PBXFileReference; fileEncoding = 4; lastKnownFileType = sourcecode.swift; path = Information.swift; sourceTree = "<group>"; };
		ACC1A1642B8E6132003119BA /* Store.swift */ = {isa = PBXFileReference; fileEncoding = 4; lastKnownFileType = sourcecode.swift; path = Store.swift; sourceTree = "<group>"; };
/* End PBXFileReference section */

/* Begin PBXFrameworksBuildPhase section */
		AC0BD8182B73FF77001623B8 /* Frameworks */ = {
			isa = PBXFrameworksBuildPhase;
			buildActionMask = 2147483647;
			files = (
			);
			runOnlyForDeploymentPostprocessing = 0;
		};
		AC0BD8282B73FF79001623B8 /* Frameworks */ = {
			isa = PBXFrameworksBuildPhase;
			buildActionMask = 2147483647;
			files = (
			);
			runOnlyForDeploymentPostprocessing = 0;
		};
		AC0BD8322B73FF79001623B8 /* Frameworks */ = {
			isa = PBXFrameworksBuildPhase;
			buildActionMask = 2147483647;
			files = (
			);
			runOnlyForDeploymentPostprocessing = 0;
		};
/* End PBXFrameworksBuildPhase section */

/* Begin PBXGroup section */
		AC0BD8122B73FF77001623B8 = {
			isa = PBXGroup;
			children = (
				AC0BD81D2B73FF77001623B8 /* Maia */,
				AC0BD82E2B73FF79001623B8 /* MaiaTests */,
				AC0BD8382B73FF79001623B8 /* MaiaUITests */,
				AC0BD81C2B73FF77001623B8 /* Products */,
			);
			sourceTree = "<group>";
		};
		AC0BD81C2B73FF77001623B8 /* Products */ = {
			isa = PBXGroup;
			children = (
				AC0BD81B2B73FF77001623B8 /* Maia.app */,
				AC0BD82B2B73FF79001623B8 /* MaiaTests.xctest */,
				AC0BD8352B73FF79001623B8 /* MaiaUITests.xctest */,
			);
			name = Products;
			sourceTree = "<group>";
		};
		AC0BD81D2B73FF77001623B8 /* Maia */ = {
			isa = PBXGroup;
			children = (
				ACC1A1282B8E6132003119BA /* app */,
				AC0BD81E2B73FF77001623B8 /* MaiaApp.swift */,
				AC0BD8202B73FF77001623B8 /* ContentView.swift */,
				AC0BD8222B73FF78001623B8 /* Assets.xcassets */,
				AC0BD8242B73FF78001623B8 /* Preview Content */,
			);
			path = Maia;
			sourceTree = "<group>";
		};
		AC0BD8242B73FF78001623B8 /* Preview Content */ = {
			isa = PBXGroup;
			children = (
				AC0BD8252B73FF78001623B8 /* Preview Assets.xcassets */,
			);
			path = "Preview Content";
			sourceTree = "<group>";
		};
		AC0BD82E2B73FF79001623B8 /* MaiaTests */ = {
			isa = PBXGroup;
			children = (
				AC0BD82F2B73FF79001623B8 /* MaiaTests.swift */,
			);
			path = MaiaTests;
			sourceTree = "<group>";
		};
		AC0BD8382B73FF79001623B8 /* MaiaUITests */ = {
			isa = PBXGroup;
			children = (
				AC0BD8392B73FF79001623B8 /* MaiaUITests.swift */,
				AC0BD83B2B73FF79001623B8 /* MaiaUITestsLaunchTests.swift */,
			);
			path = MaiaUITests;
			sourceTree = "<group>";
		};
		ACC1A1282B8E6132003119BA /* app */ = {
			isa = PBXGroup;
			children = (
				ACC1A1292B8E6132003119BA /* ui */,
				ACC1A12A2B8E6132003119BA /* di */,
				ACC1A12B2B8E6132003119BA /* util */,
				ACC1A12C2B8E6132003119BA /* features */,
				ACC1A16E2B8E6132003119BA /* navigation */,
			);
			path = app;
			sourceTree = "<group>";
		};
		ACC1A1292B8E6132003119BA /* ui */ = {
			isa = PBXGroup;
			children = (
			);
			path = ui;
			sourceTree = "<group>";
		};
		ACC1A12A2B8E6132003119BA /* di */ = {
			isa = PBXGroup;
			children = (
			);
			path = di;
			sourceTree = "<group>";
		};
		ACC1A12B2B8E6132003119BA /* util */ = {
			isa = PBXGroup;
			children = (
			);
			path = util;
			sourceTree = "<group>";
		};
		ACC1A12C2B8E6132003119BA /* features */ = {
			isa = PBXGroup;
			children = (
				ACC1A12D2B8E6132003119BA /* sales */,
			);
			path = features;
			sourceTree = "<group>";
		};
		ACC1A12D2B8E6132003119BA /* sales */ = {
			isa = PBXGroup;
			children = (
				ACC1A12E2B8E6132003119BA /* data */,
				ACC1A1662B8E6132003119BA /* domain */,
				ACC1A16D2B8E6132003119BA /* presentation */,
			);
			path = sales;
			sourceTree = "<group>";
		};
		ACC1A12E2B8E6132003119BA /* data */ = {
			isa = PBXGroup;
			children = (
				ACC1A12F2B8E6132003119BA /* repository */,
				ACC1A1302B8E6132003119BA /* local */,
				ACC1A1352B8E6132003119BA /* paging */,
				ACC1A1362B8E6132003119BA /* remote */,
			);
			path = data;
			sourceTree = "<group>";
		};
		ACC1A12F2B8E6132003119BA /* repository */ = {
			isa = PBXGroup;
			children = (
			);
			path = repository;
			sourceTree = "<group>";
		};
		ACC1A1302B8E6132003119BA /* local */ = {
			isa = PBXGroup;
			children = (
				ACC1A1312B8E6132003119BA /* database */,
				ACC1A1322B8E6132003119BA /* dao */,
				ACC1A1332B8E6132003119BA /* mapper */,
				ACC1A1342B8E6132003119BA /* model */,
			);
			path = local;
			sourceTree = "<group>";
		};
		ACC1A1312B8E6132003119BA /* database */ = {
			isa = PBXGroup;
			children = (
			);
			path = database;
			sourceTree = "<group>";
		};
		ACC1A1322B8E6132003119BA /* dao */ = {
			isa = PBXGroup;
			children = (
			);
			path = dao;
			sourceTree = "<group>";
		};
		ACC1A1332B8E6132003119BA /* mapper */ = {
			isa = PBXGroup;
			children = (
			);
			path = mapper;
			sourceTree = "<group>";
		};
		ACC1A1342B8E6132003119BA /* model */ = {
			isa = PBXGroup;
			children = (
			);
			path = model;
			sourceTree = "<group>";
		};
		ACC1A1352B8E6132003119BA /* paging */ = {
			isa = PBXGroup;
			children = (
			);
			path = paging;
			sourceTree = "<group>";
		};
		ACC1A1362B8E6132003119BA /* remote */ = {
			isa = PBXGroup;
			children = (
				ACC1A1372B8E6132003119BA /* model */,
				ACC1A1652B8E6132003119BA /* api */,
			);
			path = remote;
			sourceTree = "<group>";
		};
		ACC1A1372B8E6132003119BA /* model */ = {
			isa = PBXGroup;
			children = (
				ACC1A1382B8E6132003119BA /* sales */,
				ACC1A1632B8E6132003119BA /* store */,
			);
			path = model;
			sourceTree = "<group>";
		};
		ACC1A1382B8E6132003119BA /* sales */ = {
			isa = PBXGroup;
			children = (
				ACC1A1392B8E6132003119BA /* Offer.swift */,
				ACC1A13A2B8E6132003119BA /* wood */,
				ACC1A13C2B8E6132003119BA /* CreditCard.swift */,
				ACC1A13D2B8E6132003119BA /* metal */,
				ACC1A14F2B8E6132003119BA /* Specifications.swift */,
				ACC1A1502B8E6132003119BA /* Price.swift */,
				ACC1A1512B8E6132003119BA /* Photo.swift */,
				ACC1A1522B8E6132003119BA /* Size.swift */,
				ACC1A1532B8E6132003119BA /* Code.swift */,
				ACC1A1542B8E6132003119BA /* Warranty.swift */,
				ACC1A1552B8E6132003119BA /* medicine */,
				ACC1A1572B8E6132003119BA /* food */,
				ACC1A15D2B8E6132003119BA /* Category.swift */,
				ACC1A15E2B8E6132003119BA /* Product.swift */,
				ACC1A15F2B8E6132003119BA /* Images.swift */,
				ACC1A1602B8E6132003119BA /* drink */,
				ACC1A1622B8E6132003119BA /* Information.swift */,
			);
			path = sales;
			sourceTree = "<group>";
		};
		ACC1A13A2B8E6132003119BA /* wood */ = {
			isa = PBXGroup;
			children = (
				ACC1A13B2B8E6132003119BA /* Wood.swift */,
			);
			path = wood;
			sourceTree = "<group>";
		};
		ACC1A13D2B8E6132003119BA /* metal */ = {
			isa = PBXGroup;
			children = (
				ACC1A13E2B8E6132003119BA /* SmartFeatures.swift */,
				ACC1A13F2B8E6132003119BA /* Storage.swift */,
				ACC1A1402B8E6132003119BA /* GPU.swift */,
				ACC1A1412B8E6132003119BA /* Control.swift */,
				ACC1A1422B8E6132003119BA /* Power.swift */,
				ACC1A1432B8E6132003119BA /* RemoteControl.swift */,
				ACC1A1442B8E6132003119BA /* Playback.swift */,
				ACC1A1452B8E6132003119BA /* ComputerFeature.swift */,
				ACC1A1462B8E6132003119BA /* Chip.swift */,
				ACC1A1472B8E6132003119BA /* Metal.swift */,
				ACC1A1482B8E6132003119BA /* Calling.swift */,
				ACC1A1492B8E6132003119BA /* Battery.swift */,
				ACC1A14A2B8E6132003119BA /* Display.swift */,
				ACC1A14B2B8E6132003119BA /* Connectivity.swift */,
				ACC1A14C2B8E6132003119BA /* Waterprof.swift */,
				ACC1A14D2B8E6132003119BA /* CPU.swift */,
				ACC1A14E2B8E6132003119BA /* Camera.swift */,
			);
			path = metal;
			sourceTree = "<group>";
		};
		ACC1A1552B8E6132003119BA /* medicine */ = {
			isa = PBXGroup;
			children = (
				ACC1A1562B8E6132003119BA /* Medicine.swift */,
			);
			path = medicine;
			sourceTree = "<group>";
		};
		ACC1A1572B8E6132003119BA /* food */ = {
			isa = PBXGroup;
			children = (
				ACC1A1582B8E6132003119BA /* Nutrients.swift */,
				ACC1A1592B8E6132003119BA /* Minerals.swift */,
				ACC1A15A2B8E6132003119BA /* Tuple.swift */,
				ACC1A15B2B8E6132003119BA /* Food.swift */,
				ACC1A15C2B8E6132003119BA /* Vitamins.swift */,
			);
			path = food;
			sourceTree = "<group>";
		};
		ACC1A1602B8E6132003119BA /* drink */ = {
			isa = PBXGroup;
			children = (
				ACC1A1612B8E6132003119BA /* Drink.swift */,
			);
			path = drink;
			sourceTree = "<group>";
		};
		ACC1A1632B8E6132003119BA /* store */ = {
			isa = PBXGroup;
			children = (
				ACC1A1642B8E6132003119BA /* Store.swift */,
			);
			path = store;
			sourceTree = "<group>";
		};
		ACC1A1652B8E6132003119BA /* api */ = {
			isa = PBXGroup;
			children = (
			);
			path = api;
			sourceTree = "<group>";
		};
		ACC1A1662B8E6132003119BA /* domain */ = {
			isa = PBXGroup;
			children = (
				ACC1A1672B8E6132003119BA /* viewmodel */,
				ACC1A1682B8E6132003119BA /* state */,
				ACC1A1692B8E6132003119BA /* repositoriable */,
				ACC1A16A2B8E6132003119BA /* model */,
				ACC1A16B2B8E6132003119BA /* usecase */,
				ACC1A16C2B8E6132003119BA /* event */,
			);
			path = domain;
			sourceTree = "<group>";
		};
		ACC1A1672B8E6132003119BA /* viewmodel */ = {
			isa = PBXGroup;
			children = (
			);
			path = viewmodel;
			sourceTree = "<group>";
		};
		ACC1A1682B8E6132003119BA /* state */ = {
			isa = PBXGroup;
			children = (
			);
			path = state;
			sourceTree = "<group>";
		};
		ACC1A1692B8E6132003119BA /* repositoriable */ = {
			isa = PBXGroup;
			children = (
			);
			path = repositoriable;
			sourceTree = "<group>";
		};
		ACC1A16A2B8E6132003119BA /* model */ = {
			isa = PBXGroup;
			children = (
			);
			path = model;
			sourceTree = "<group>";
		};
		ACC1A16B2B8E6132003119BA /* usecase */ = {
			isa = PBXGroup;
			children = (
			);
			path = usecase;
			sourceTree = "<group>";
		};
		ACC1A16C2B8E6132003119BA /* event */ = {
			isa = PBXGroup;
			children = (
			);
			path = event;
			sourceTree = "<group>";
		};
		ACC1A16D2B8E6132003119BA /* presentation */ = {
			isa = PBXGroup;
			children = (
			);
			path = presentation;
			sourceTree = "<group>";
		};
		ACC1A16E2B8E6132003119BA /* navigation */ = {
			isa = PBXGroup;
			children = (
			);
			path = navigation;
			sourceTree = "<group>";
		};
/* End PBXGroup section */

/* Begin PBXNativeTarget section */
		AC0BD81A2B73FF77001623B8 /* Maia */ = {
			isa = PBXNativeTarget;
			buildConfigurationList = AC0BD83F2B73FF79001623B8 /* Build configuration list for PBXNativeTarget "Maia" */;
			buildPhases = (
				AC0BD8172B73FF77001623B8 /* Sources */,
				AC0BD8182B73FF77001623B8 /* Frameworks */,
				AC0BD8192B73FF77001623B8 /* Resources */,
			);
			buildRules = (
			);
			dependencies = (
			);
			name = Maia;
			productName = Maia;
			productReference = AC0BD81B2B73FF77001623B8 /* Maia.app */;
			productType = "com.apple.product-type.application";
		};
		AC0BD82A2B73FF79001623B8 /* MaiaTests */ = {
			isa = PBXNativeTarget;
			buildConfigurationList = AC0BD8422B73FF79001623B8 /* Build configuration list for PBXNativeTarget "MaiaTests" */;
			buildPhases = (
				AC0BD8272B73FF79001623B8 /* Sources */,
				AC0BD8282B73FF79001623B8 /* Frameworks */,
				AC0BD8292B73FF79001623B8 /* Resources */,
			);
			buildRules = (
			);
			dependencies = (
				AC0BD82D2B73FF79001623B8 /* PBXTargetDependency */,
			);
			name = MaiaTests;
			productName = MaiaTests;
			productReference = AC0BD82B2B73FF79001623B8 /* MaiaTests.xctest */;
			productType = "com.apple.product-type.bundle.unit-test";
		};
		AC0BD8342B73FF79001623B8 /* MaiaUITests */ = {
			isa = PBXNativeTarget;
			buildConfigurationList = AC0BD8452B73FF79001623B8 /* Build configuration list for PBXNativeTarget "MaiaUITests" */;
			buildPhases = (
				AC0BD8312B73FF79001623B8 /* Sources */,
				AC0BD8322B73FF79001623B8 /* Frameworks */,
				AC0BD8332B73FF79001623B8 /* Resources */,
			);
			buildRules = (
			);
			dependencies = (
				AC0BD8372B73FF79001623B8 /* PBXTargetDependency */,
			);
			name = MaiaUITests;
			productName = MaiaUITests;
			productReference = AC0BD8352B73FF79001623B8 /* MaiaUITests.xctest */;
			productType = "com.apple.product-type.bundle.ui-testing";
		};
/* End PBXNativeTarget section */

/* Begin PBXProject section */
		AC0BD8132B73FF77001623B8 /* Project object */ = {
			isa = PBXProject;
			attributes = {
				BuildIndependentTargetsInParallel = 1;
				LastSwiftUpdateCheck = 1520;
				LastUpgradeCheck = 1520;
				TargetAttributes = {
					AC0BD81A2B73FF77001623B8 = {
						CreatedOnToolsVersion = 15.2;
					};
					AC0BD82A2B73FF79001623B8 = {
						CreatedOnToolsVersion = 15.2;
						TestTargetID = AC0BD81A2B73FF77001623B8;
					};
					AC0BD8342B73FF79001623B8 = {
						CreatedOnToolsVersion = 15.2;
						TestTargetID = AC0BD81A2B73FF77001623B8;
					};
				};
			};
			buildConfigurationList = AC0BD8162B73FF77001623B8 /* Build configuration list for PBXProject "Maia" */;
			compatibilityVersion = "Xcode 14.0";
			developmentRegion = en;
			hasScannedForEncodings = 0;
			knownRegions = (
				en,
				Base,
			);
			mainGroup = AC0BD8122B73FF77001623B8;
			productRefGroup = AC0BD81C2B73FF77001623B8 /* Products */;
			projectDirPath = "";
			projectRoot = "";
			targets = (
				AC0BD81A2B73FF77001623B8 /* Maia */,
				AC0BD82A2B73FF79001623B8 /* MaiaTests */,
				AC0BD8342B73FF79001623B8 /* MaiaUITests */,
			);
		};
/* End PBXProject section */

/* Begin PBXResourcesBuildPhase section */
		AC0BD8192B73FF77001623B8 /* Resources */ = {
			isa = PBXResourcesBuildPhase;
			buildActionMask = 2147483647;
			files = (
				AC0BD8262B73FF78001623B8 /* Preview Assets.xcassets in Resources */,
				AC0BD8232B73FF78001623B8 /* Assets.xcassets in Resources */,
			);
			runOnlyForDeploymentPostprocessing = 0;
		};
		AC0BD8292B73FF79001623B8 /* Resources */ = {
			isa = PBXResourcesBuildPhase;
			buildActionMask = 2147483647;
			files = (
			);
			runOnlyForDeploymentPostprocessing = 0;
		};
		AC0BD8332B73FF79001623B8 /* Resources */ = {
			isa = PBXResourcesBuildPhase;
			buildActionMask = 2147483647;
			files = (
			);
			runOnlyForDeploymentPostprocessing = 0;
		};
/* End PBXResourcesBuildPhase section */

/* Begin PBXSourcesBuildPhase section */
		AC0BD8172B73FF77001623B8 /* Sources */ = {
			isa = PBXSourcesBuildPhase;
			buildActionMask = 2147483647;
			files = (
				ACC1A1822B8E6132003119BA /* Camera.swift in Sources */,
				ACC1A1882B8E6132003119BA /* Warranty.swift in Sources */,
				ACC1A1742B8E6132003119BA /* GPU.swift in Sources */,
				ACC1A1772B8E6132003119BA /* RemoteControl.swift in Sources */,
				ACC1A18A2B8E6132003119BA /* Nutrients.swift in Sources */,
				ACC1A1812B8E6132003119BA /* CPU.swift in Sources */,
				ACC1A18F2B8E6132003119BA /* Category.swift in Sources */,
				ACC1A1892B8E6132003119BA /* Medicine.swift in Sources */,
				ACC1A17F2B8E6132003119BA /* Connectivity.swift in Sources */,
				ACC1A17C2B8E6132003119BA /* Calling.swift in Sources */,
				ACC1A16F2B8E6132003119BA /* Offer.swift in Sources */,
				ACC1A1872B8E6132003119BA /* Code.swift in Sources */,
				ACC1A18D2B8E6132003119BA /* Food.swift in Sources */,
				ACC1A1912B8E6132003119BA /* Images.swift in Sources */,
				ACC1A18E2B8E6132003119BA /* Vitamins.swift in Sources */,
				ACC1A17E2B8E6132003119BA /* Display.swift in Sources */,
				ACC1A17D2B8E6132003119BA /* Battery.swift in Sources */,
				ACC1A1852B8E6132003119BA /* Photo.swift in Sources */,
				ACC1A1932B8E6132003119BA /* Information.swift in Sources */,
				ACC1A1732B8E6132003119BA /* Storage.swift in Sources */,
				ACC1A1782B8E6132003119BA /* Playback.swift in Sources */,
				ACC1A1922B8E6132003119BA /* Drink.swift in Sources */,
				ACC1A18C2B8E6132003119BA /* Tuple.swift in Sources */,
				ACC1A1862B8E6132003119BA /* Size.swift in Sources */,
				ACC1A1712B8E6132003119BA /* CreditCard.swift in Sources */,
				AC0BD8212B73FF77001623B8 /* ContentView.swift in Sources */,
				ACC1A17B2B8E6132003119BA /* Metal.swift in Sources */,
				ACC1A1802B8E6132003119BA /* Waterprof.swift in Sources */,
				ACC1A1752B8E6132003119BA /* Control.swift in Sources */,
				ACC1A1702B8E6132003119BA /* Wood.swift in Sources */,
				ACC1A1842B8E6132003119BA /* Price.swift in Sources */,
				ACC1A1762B8E6132003119BA /* Power.swift in Sources */,
				ACC1A1902B8E6132003119BA /* Product.swift in Sources */,
				ACC1A18B2B8E6132003119BA /* Minerals.swift in Sources */,
				ACC1A1792B8E6132003119BA /* ComputerFeature.swift in Sources */,
				ACC1A1942B8E6132003119BA /* Store.swift in Sources */,
				ACC1A1832B8E6132003119BA /* Specifications.swift in Sources */,
				ACC1A1722B8E6132003119BA /* SmartFeatures.swift in Sources */,
				AC0BD81F2B73FF77001623B8 /* MaiaApp.swift in Sources */,
				ACC1A17A2B8E6132003119BA /* Chip.swift in Sources */,
			);
			runOnlyForDeploymentPostprocessing = 0;
		};
		AC0BD8272B73FF79001623B8 /* Sources */ = {
			isa = PBXSourcesBuildPhase;
			buildActionMask = 2147483647;
			files = (
				AC0BD8302B73FF79001623B8 /* MaiaTests.swift in Sources */,
			);
			runOnlyForDeploymentPostprocessing = 0;
		};
		AC0BD8312B73FF79001623B8 /* Sources */ = {
			isa = PBXSourcesBuildPhase;
			buildActionMask = 2147483647;
			files = (
				AC0BD83C2B73FF79001623B8 /* MaiaUITestsLaunchTests.swift in Sources */,
				AC0BD83A2B73FF79001623B8 /* MaiaUITests.swift in Sources */,
			);
			runOnlyForDeploymentPostprocessing = 0;
		};
/* End PBXSourcesBuildPhase section */

/* Begin PBXTargetDependency section */
		AC0BD82D2B73FF79001623B8 /* PBXTargetDependency */ = {
			isa = PBXTargetDependency;
			target = AC0BD81A2B73FF77001623B8 /* Maia */;
			targetProxy = AC0BD82C2B73FF79001623B8 /* PBXContainerItemProxy */;
		};
		AC0BD8372B73FF79001623B8 /* PBXTargetDependency */ = {
			isa = PBXTargetDependency;
			target = AC0BD81A2B73FF77001623B8 /* Maia */;
			targetProxy = AC0BD8362B73FF79001623B8 /* PBXContainerItemProxy */;
		};
/* End PBXTargetDependency section */

/* Begin XCBuildConfiguration section */
		AC0BD83D2B73FF79001623B8 /* Debug */ = {
			isa = XCBuildConfiguration;
			buildSettings = {
				ALWAYS_SEARCH_USER_PATHS = NO;
				ASSETCATALOG_COMPILER_GENERATE_SWIFT_ASSET_SYMBOL_EXTENSIONS = YES;
				CLANG_ANALYZER_NONNULL = YES;
				CLANG_ANALYZER_NUMBER_OBJECT_CONVERSION = YES_AGGRESSIVE;
				CLANG_CXX_LANGUAGE_STANDARD = "gnu++20";
				CLANG_ENABLE_MODULES = YES;
				CLANG_ENABLE_OBJC_ARC = YES;
				CLANG_ENABLE_OBJC_WEAK = YES;
				CLANG_WARN_BLOCK_CAPTURE_AUTORELEASING = YES;
				CLANG_WARN_BOOL_CONVERSION = YES;
				CLANG_WARN_COMMA = YES;
				CLANG_WARN_CONSTANT_CONVERSION = YES;
				CLANG_WARN_DEPRECATED_OBJC_IMPLEMENTATIONS = YES;
				CLANG_WARN_DIRECT_OBJC_ISA_USAGE = YES_ERROR;
				CLANG_WARN_DOCUMENTATION_COMMENTS = YES;
				CLANG_WARN_EMPTY_BODY = YES;
				CLANG_WARN_ENUM_CONVERSION = YES;
				CLANG_WARN_INFINITE_RECURSION = YES;
				CLANG_WARN_INT_CONVERSION = YES;
				CLANG_WARN_NON_LITERAL_NULL_CONVERSION = YES;
				CLANG_WARN_OBJC_IMPLICIT_RETAIN_SELF = YES;
				CLANG_WARN_OBJC_LITERAL_CONVERSION = YES;
				CLANG_WARN_OBJC_ROOT_CLASS = YES_ERROR;
				CLANG_WARN_QUOTED_INCLUDE_IN_FRAMEWORK_HEADER = YES;
				CLANG_WARN_RANGE_LOOP_ANALYSIS = YES;
				CLANG_WARN_STRICT_PROTOTYPES = YES;
				CLANG_WARN_SUSPICIOUS_MOVE = YES;
				CLANG_WARN_UNGUARDED_AVAILABILITY = YES_AGGRESSIVE;
				CLANG_WARN_UNREACHABLE_CODE = YES;
				CLANG_WARN__DUPLICATE_METHOD_MATCH = YES;
				COPY_PHASE_STRIP = NO;
				DEBUG_INFORMATION_FORMAT = dwarf;
				ENABLE_STRICT_OBJC_MSGSEND = YES;
				ENABLE_TESTABILITY = YES;
				ENABLE_USER_SCRIPT_SANDBOXING = YES;
				GCC_C_LANGUAGE_STANDARD = gnu17;
				GCC_DYNAMIC_NO_PIC = NO;
				GCC_NO_COMMON_BLOCKS = YES;
				GCC_OPTIMIZATION_LEVEL = 0;
				GCC_PREPROCESSOR_DEFINITIONS = (
					"DEBUG=1",
					"$(inherited)",
				);
				GCC_WARN_64_TO_32_BIT_CONVERSION = YES;
				GCC_WARN_ABOUT_RETURN_TYPE = YES_ERROR;
				GCC_WARN_UNDECLARED_SELECTOR = YES;
				GCC_WARN_UNINITIALIZED_AUTOS = YES_AGGRESSIVE;
				GCC_WARN_UNUSED_FUNCTION = YES;
				GCC_WARN_UNUSED_VARIABLE = YES;
				IPHONEOS_DEPLOYMENT_TARGET = 17.2;
				LOCALIZATION_PREFERS_STRING_CATALOGS = YES;
				MTL_ENABLE_DEBUG_INFO = INCLUDE_SOURCE;
				MTL_FAST_MATH = YES;
				ONLY_ACTIVE_ARCH = YES;
				SDKROOT = iphoneos;
				SWIFT_ACTIVE_COMPILATION_CONDITIONS = "DEBUG $(inherited)";
				SWIFT_OPTIMIZATION_LEVEL = "-Onone";
			};
			name = Debug;
		};
		AC0BD83E2B73FF79001623B8 /* Release */ = {
			isa = XCBuildConfiguration;
			buildSettings = {
				ALWAYS_SEARCH_USER_PATHS = NO;
				ASSETCATALOG_COMPILER_GENERATE_SWIFT_ASSET_SYMBOL_EXTENSIONS = YES;
				CLANG_ANALYZER_NONNULL = YES;
				CLANG_ANALYZER_NUMBER_OBJECT_CONVERSION = YES_AGGRESSIVE;
				CLANG_CXX_LANGUAGE_STANDARD = "gnu++20";
				CLANG_ENABLE_MODULES = YES;
				CLANG_ENABLE_OBJC_ARC = YES;
				CLANG_ENABLE_OBJC_WEAK = YES;
				CLANG_WARN_BLOCK_CAPTURE_AUTORELEASING = YES;
				CLANG_WARN_BOOL_CONVERSION = YES;
				CLANG_WARN_COMMA = YES;
				CLANG_WARN_CONSTANT_CONVERSION = YES;
				CLANG_WARN_DEPRECATED_OBJC_IMPLEMENTATIONS = YES;
				CLANG_WARN_DIRECT_OBJC_ISA_USAGE = YES_ERROR;
				CLANG_WARN_DOCUMENTATION_COMMENTS = YES;
				CLANG_WARN_EMPTY_BODY = YES;
				CLANG_WARN_ENUM_CONVERSION = YES;
				CLANG_WARN_INFINITE_RECURSION = YES;
				CLANG_WARN_INT_CONVERSION = YES;
				CLANG_WARN_NON_LITERAL_NULL_CONVERSION = YES;
				CLANG_WARN_OBJC_IMPLICIT_RETAIN_SELF = YES;
				CLANG_WARN_OBJC_LITERAL_CONVERSION = YES;
				CLANG_WARN_OBJC_ROOT_CLASS = YES_ERROR;
				CLANG_WARN_QUOTED_INCLUDE_IN_FRAMEWORK_HEADER = YES;
				CLANG_WARN_RANGE_LOOP_ANALYSIS = YES;
				CLANG_WARN_STRICT_PROTOTYPES = YES;
				CLANG_WARN_SUSPICIOUS_MOVE = YES;
				CLANG_WARN_UNGUARDED_AVAILABILITY = YES_AGGRESSIVE;
				CLANG_WARN_UNREACHABLE_CODE = YES;
				CLANG_WARN__DUPLICATE_METHOD_MATCH = YES;
				COPY_PHASE_STRIP = NO;
				DEBUG_INFORMATION_FORMAT = "dwarf-with-dsym";
				ENABLE_NS_ASSERTIONS = NO;
				ENABLE_STRICT_OBJC_MSGSEND = YES;
				ENABLE_USER_SCRIPT_SANDBOXING = YES;
				GCC_C_LANGUAGE_STANDARD = gnu17;
				GCC_NO_COMMON_BLOCKS = YES;
				GCC_WARN_64_TO_32_BIT_CONVERSION = YES;
				GCC_WARN_ABOUT_RETURN_TYPE = YES_ERROR;
				GCC_WARN_UNDECLARED_SELECTOR = YES;
				GCC_WARN_UNINITIALIZED_AUTOS = YES_AGGRESSIVE;
				GCC_WARN_UNUSED_FUNCTION = YES;
				GCC_WARN_UNUSED_VARIABLE = YES;
				IPHONEOS_DEPLOYMENT_TARGET = 17.2;
				LOCALIZATION_PREFERS_STRING_CATALOGS = YES;
				MTL_ENABLE_DEBUG_INFO = NO;
				MTL_FAST_MATH = YES;
				SDKROOT = iphoneos;
				SWIFT_COMPILATION_MODE = wholemodule;
				VALIDATE_PRODUCT = YES;
			};
			name = Release;
		};
		AC0BD8402B73FF79001623B8 /* Debug */ = {
			isa = XCBuildConfiguration;
			buildSettings = {
				ASSETCATALOG_COMPILER_APPICON_NAME = AppIcon;
				ASSETCATALOG_COMPILER_GLOBAL_ACCENT_COLOR_NAME = AccentColor;
				CODE_SIGN_STYLE = Automatic;
				CURRENT_PROJECT_VERSION = 1;
				DEVELOPMENT_ASSET_PATHS = "\"Maia/Preview Content\"";
				DEVELOPMENT_TEAM = 5KDK28ZYPD;
				ENABLE_PREVIEWS = YES;
				GENERATE_INFOPLIST_FILE = YES;
				INFOPLIST_KEY_UIApplicationSceneManifest_Generation = YES;
				INFOPLIST_KEY_UIApplicationSupportsIndirectInputEvents = YES;
				INFOPLIST_KEY_UILaunchScreen_Generation = YES;
				INFOPLIST_KEY_UISupportedInterfaceOrientations_iPad = "UIInterfaceOrientationPortrait UIInterfaceOrientationPortraitUpsideDown UIInterfaceOrientationLandscapeLeft UIInterfaceOrientationLandscapeRight";
				INFOPLIST_KEY_UISupportedInterfaceOrientations_iPhone = "UIInterfaceOrientationPortrait UIInterfaceOrientationLandscapeLeft UIInterfaceOrientationLandscapeRight";
				LD_RUNPATH_SEARCH_PATHS = (
					"$(inherited)",
					"@executable_path/Frameworks",
				);
				MARKETING_VERSION = 1.0;
				PRODUCT_BUNDLE_IDENTIFIER = com.premierdarkcoffee.Maia;
				PRODUCT_NAME = "$(TARGET_NAME)";
				SWIFT_EMIT_LOC_STRINGS = YES;
				SWIFT_VERSION = 5.0;
				TARGETED_DEVICE_FAMILY = "1,2";
			};
			name = Debug;
		};
		AC0BD8412B73FF79001623B8 /* Release */ = {
			isa = XCBuildConfiguration;
			buildSettings = {
				ASSETCATALOG_COMPILER_APPICON_NAME = AppIcon;
				ASSETCATALOG_COMPILER_GLOBAL_ACCENT_COLOR_NAME = AccentColor;
				CODE_SIGN_STYLE = Automatic;
				CURRENT_PROJECT_VERSION = 1;
				DEVELOPMENT_ASSET_PATHS = "\"Maia/Preview Content\"";
				DEVELOPMENT_TEAM = 5KDK28ZYPD;
				ENABLE_PREVIEWS = YES;
				GENERATE_INFOPLIST_FILE = YES;
				INFOPLIST_KEY_UIApplicationSceneManifest_Generation = YES;
				INFOPLIST_KEY_UIApplicationSupportsIndirectInputEvents = YES;
				INFOPLIST_KEY_UILaunchScreen_Generation = YES;
				INFOPLIST_KEY_UISupportedInterfaceOrientations_iPad = "UIInterfaceOrientationPortrait UIInterfaceOrientationPortraitUpsideDown UIInterfaceOrientationLandscapeLeft UIInterfaceOrientationLandscapeRight";
				INFOPLIST_KEY_UISupportedInterfaceOrientations_iPhone = "UIInterfaceOrientationPortrait UIInterfaceOrientationLandscapeLeft UIInterfaceOrientationLandscapeRight";
				LD_RUNPATH_SEARCH_PATHS = (
					"$(inherited)",
					"@executable_path/Frameworks",
				);
				MARKETING_VERSION = 1.0;
				PRODUCT_BUNDLE_IDENTIFIER = com.premierdarkcoffee.Maia;
				PRODUCT_NAME = "$(TARGET_NAME)";
				SWIFT_EMIT_LOC_STRINGS = YES;
				SWIFT_VERSION = 5.0;
				TARGETED_DEVICE_FAMILY = "1,2";
			};
			name = Release;
		};
		AC0BD8432B73FF79001623B8 /* Debug */ = {
			isa = XCBuildConfiguration;
			buildSettings = {
				ALWAYS_EMBED_SWIFT_STANDARD_LIBRARIES = YES;
				BUNDLE_LOADER = "$(TEST_HOST)";
				CODE_SIGN_STYLE = Automatic;
				CURRENT_PROJECT_VERSION = 1;
				DEVELOPMENT_TEAM = 5KDK28ZYPD;
				GENERATE_INFOPLIST_FILE = YES;
				IPHONEOS_DEPLOYMENT_TARGET = 17.2;
				MARKETING_VERSION = 1.0;
				PRODUCT_BUNDLE_IDENTIFIER = com.premierdarkcoffee.MaiaTests;
				PRODUCT_NAME = "$(TARGET_NAME)";
				SWIFT_EMIT_LOC_STRINGS = NO;
				SWIFT_VERSION = 5.0;
				TARGETED_DEVICE_FAMILY = "1,2";
				TEST_HOST = "$(BUILT_PRODUCTS_DIR)/Maia.app/$(BUNDLE_EXECUTABLE_FOLDER_PATH)/Maia";
			};
			name = Debug;
		};
		AC0BD8442B73FF79001623B8 /* Release */ = {
			isa = XCBuildConfiguration;
			buildSettings = {
				ALWAYS_EMBED_SWIFT_STANDARD_LIBRARIES = YES;
				BUNDLE_LOADER = "$(TEST_HOST)";
				CODE_SIGN_STYLE = Automatic;
				CURRENT_PROJECT_VERSION = 1;
				DEVELOPMENT_TEAM = 5KDK28ZYPD;
				GENERATE_INFOPLIST_FILE = YES;
				IPHONEOS_DEPLOYMENT_TARGET = 17.2;
				MARKETING_VERSION = 1.0;
				PRODUCT_BUNDLE_IDENTIFIER = com.premierdarkcoffee.MaiaTests;
				PRODUCT_NAME = "$(TARGET_NAME)";
				SWIFT_EMIT_LOC_STRINGS = NO;
				SWIFT_VERSION = 5.0;
				TARGETED_DEVICE_FAMILY = "1,2";
				TEST_HOST = "$(BUILT_PRODUCTS_DIR)/Maia.app/$(BUNDLE_EXECUTABLE_FOLDER_PATH)/Maia";
			};
			name = Release;
		};
		AC0BD8462B73FF79001623B8 /* Debug */ = {
			isa = XCBuildConfiguration;
			buildSettings = {
				ALWAYS_EMBED_SWIFT_STANDARD_LIBRARIES = YES;
				CODE_SIGN_STYLE = Automatic;
				CURRENT_PROJECT_VERSION = 1;
				DEVELOPMENT_TEAM = 5KDK28ZYPD;
				GENERATE_INFOPLIST_FILE = YES;
				MARKETING_VERSION = 1.0;
				PRODUCT_BUNDLE_IDENTIFIER = com.premierdarkcoffee.MaiaUITests;
				PRODUCT_NAME = "$(TARGET_NAME)";
				SWIFT_EMIT_LOC_STRINGS = NO;
				SWIFT_VERSION = 5.0;
				TARGETED_DEVICE_FAMILY = "1,2";
				TEST_TARGET_NAME = Maia;
			};
			name = Debug;
		};
		AC0BD8472B73FF79001623B8 /* Release */ = {
			isa = XCBuildConfiguration;
			buildSettings = {
				ALWAYS_EMBED_SWIFT_STANDARD_LIBRARIES = YES;
				CODE_SIGN_STYLE = Automatic;
				CURRENT_PROJECT_VERSION = 1;
				DEVELOPMENT_TEAM = 5KDK28ZYPD;
				GENERATE_INFOPLIST_FILE = YES;
				MARKETING_VERSION = 1.0;
				PRODUCT_BUNDLE_IDENTIFIER = com.premierdarkcoffee.MaiaUITests;
				PRODUCT_NAME = "$(TARGET_NAME)";
				SWIFT_EMIT_LOC_STRINGS = NO;
				SWIFT_VERSION = 5.0;
				TARGETED_DEVICE_FAMILY = "1,2";
				TEST_TARGET_NAME = Maia;
			};
			name = Release;
		};
/* End XCBuildConfiguration section */

/* Begin XCConfigurationList section */
		AC0BD8162B73FF77001623B8 /* Build configuration list for PBXProject "Maia" */ = {
			isa = XCConfigurationList;
			buildConfigurations = (
				AC0BD83D2B73FF79001623B8 /* Debug */,
				AC0BD83E2B73FF79001623B8 /* Release */,
			);
			defaultConfigurationIsVisible = 0;
			defaultConfigurationName = Release;
		};
		AC0BD83F2B73FF79001623B8 /* Build configuration list for PBXNativeTarget "Maia" */ = {
			isa = XCConfigurationList;
			buildConfigurations = (
				AC0BD8402B73FF79001623B8 /* Debug */,
				AC0BD8412B73FF79001623B8 /* Release */,
			);
			defaultConfigurationIsVisible = 0;
			defaultConfigurationName = Release;
		};
		AC0BD8422B73FF79001623B8 /* Build configuration list for PBXNativeTarget "MaiaTests" */ = {
			isa = XCConfigurationList;
			buildConfigurations = (
				AC0BD8432B73FF79001623B8 /* Debug */,
				AC0BD8442B73FF79001623B8 /* Release */,
			);
			defaultConfigurationIsVisible = 0;
			defaultConfigurationName = Release;
		};
		AC0BD8452B73FF79001623B8 /* Build configuration list for PBXNativeTarget "MaiaUITests" */ = {
			isa = XCConfigurationList;
			buildConfigurations = (
				AC0BD8462B73FF79001623B8 /* Debug */,
				AC0BD8472B73FF79001623B8 /* Release */,
			);
			defaultConfigurationIsVisible = 0;
			defaultConfigurationName = Release;
		};
/* End XCConfigurationList section */
	};
	rootObject = AC0BD8132B73FF77001623B8 /* Project object */;
}
