// !$*UTF8*$!
{
	archiveVersion = 1;
	classes = {
	};
	objectVersion = 56;
	objects = {

/* Begin PBXBuildFile section */
		AC0BD81F2B73FF77001623B8 /* MaiaApp.swift in Sources */ = {isa = PBXBuildFile; fileRef = AC0BD81E2B73FF77001623B8 /* MaiaApp.swift */; };
		AC0BD8212B73FF77001623B8 /* ContentView.swift in Sources */ = {isa = PBXBuildFile; fileRef = AC0BD8202B73FF77001623B8 /* ContentView.swift */; };
		AC0BD8232B73FF78001623B8 /* Assets.xcassets in Resources */ = {isa = PBXBuildFile; fileRef = AC0BD8222B73FF78001623B8 /* Assets.xcassets */; };
		AC0BD8262B73FF78001623B8 /* Preview Assets.xcassets in Resources */ = {isa = PBXBuildFile; fileRef = AC0BD8252B73FF78001623B8 /* Preview Assets.xcassets */; };
		AC0BD8302B73FF79001623B8 /* MaiaTests.swift in Sources */ = {isa = PBXBuildFile; fileRef = AC0BD82F2B73FF79001623B8 /* MaiaTests.swift */; };
		AC0BD83A2B73FF79001623B8 /* MaiaUITests.swift in Sources */ = {isa = PBXBuildFile; fileRef = AC0BD8392B73FF79001623B8 /* MaiaUITests.swift */; };
		AC0BD83C2B73FF79001623B8 /* MaiaUITestsLaunchTests.swift in Sources */ = {isa = PBXBuildFile; fileRef = AC0BD83B2B73FF79001623B8 /* MaiaUITestsLaunchTests.swift */; };
/* End PBXBuildFile section */

/* Begin PBXContainerItemProxy section */
		AC0BD82C2B73FF79001623B8 /* PBXContainerItemProxy */ = {
			isa = PBXContainerItemProxy;
			containerPortal = AC0BD8132B73FF77001623B8 /* Project object */;
			proxyType = 1;
			remoteGlobalIDString = AC0BD81A2B73FF77001623B8;
			remoteInfo = Maia;
		};
		AC0BD8362B73FF79001623B8 /* PBXContainerItemProxy */ = {
			isa = PBXContainerItemProxy;
			containerPortal = AC0BD8132B73FF77001623B8 /* Project object */;
			proxyType = 1;
			remoteGlobalIDString = AC0BD81A2B73FF77001623B8;
			remoteInfo = Maia;
		};
/* End PBXContainerItemProxy section */

/* Begin PBXFileReference section */
		AC0BD81B2B73FF77001623B8 /* Maia.app */ = {isa = PBXFileReference; explicitFileType = wrapper.application; includeInIndex = 0; path = Maia.app; sourceTree = BUILT_PRODUCTS_DIR; };
		AC0BD81E2B73FF77001623B8 /* MaiaApp.swift */ = {isa = PBXFileReference; lastKnownFileType = sourcecode.swift; path = MaiaApp.swift; sourceTree = "<group>"; };
		AC0BD8202B73FF77001623B8 /* ContentView.swift */ = {isa = PBXFileReference; lastKnownFileType = sourcecode.swift; path = ContentView.swift; sourceTree = "<group>"; };
		AC0BD8222B73FF78001623B8 /* Assets.xcassets */ = {isa = PBXFileReference; lastKnownFileType = folder.assetcatalog; path = Assets.xcassets; sourceTree = "<group>"; };
		AC0BD8252B73FF78001623B8 /* Preview Assets.xcassets */ = {isa = PBXFileReference; lastKnownFileType = folder.assetcatalog; path = "Preview Assets.xcassets"; sourceTree = "<group>"; };
		AC0BD82B2B73FF79001623B8 /* MaiaTests.xctest */ = {isa = PBXFileReference; explicitFileType = wrapper.cfbundle; includeInIndex = 0; path = MaiaTests.xctest; sourceTree = BUILT_PRODUCTS_DIR; };
		AC0BD82F2B73FF79001623B8 /* MaiaTests.swift */ = {isa = PBXFileReference; lastKnownFileType = sourcecode.swift; path = MaiaTests.swift; sourceTree = "<group>"; };
		AC0BD8352B73FF79001623B8 /* MaiaUITests.xctest */ = {isa = PBXFileReference; explicitFileType = wrapper.cfbundle; includeInIndex = 0; path = MaiaUITests.xctest; sourceTree = BUILT_PRODUCTS_DIR; };
		AC0BD8392B73FF79001623B8 /* MaiaUITests.swift */ = {isa = PBXFileReference; lastKnownFileType = sourcecode.swift; path = MaiaUITests.swift; sourceTree = "<group>"; };
		AC0BD83B2B73FF79001623B8 /* MaiaUITestsLaunchTests.swift */ = {isa = PBXFileReference; lastKnownFileType = sourcecode.swift; path = MaiaUITestsLaunchTests.swift; sourceTree = "<group>"; };
/* End PBXFileReference section */

/* Begin PBXFrameworksBuildPhase section */
		AC0BD8182B73FF77001623B8 /* Frameworks */ = {
			isa = PBXFrameworksBuildPhase;
			buildActionMask = 2147483647;
			files = (
			);
			runOnlyForDeploymentPostprocessing = 0;
		};
		AC0BD8282B73FF79001623B8 /* Frameworks */ = {
			isa = PBXFrameworksBuildPhase;
			buildActionMask = 2147483647;
			files = (
			);
			runOnlyForDeploymentPostprocessing = 0;
		};
		AC0BD8322B73FF79001623B8 /* Frameworks */ = {
			isa = PBXFrameworksBuildPhase;
			buildActionMask = 2147483647;
			files = (
			);
			runOnlyForDeploymentPostprocessing = 0;
		};
/* End PBXFrameworksBuildPhase section */

/* Begin PBXGroup section */
		AC0BD8122B73FF77001623B8 = {
			isa = PBXGroup;
			children = (
				AC0BD81D2B73FF77001623B8 /* Maia */,
				AC0BD82E2B73FF79001623B8 /* MaiaTests */,
				AC0BD8382B73FF79001623B8 /* MaiaUITests */,
				AC0BD81C2B73FF77001623B8 /* Products */,
			);
			sourceTree = "<group>";
		};
		AC0BD81C2B73FF77001623B8 /* Products */ = {
			isa = PBXGroup;
			children = (
				AC0BD81B2B73FF77001623B8 /* Maia.app */,
				AC0BD82B2B73FF79001623B8 /* MaiaTests.xctest */,
				AC0BD8352B73FF79001623B8 /* MaiaUITests.xctest */,
			);
			name = Products;
			sourceTree = "<group>";
		};
		AC0BD81D2B73FF77001623B8 /* Maia */ = {
			isa = PBXGroup;
			children = (
				AC0BD81E2B73FF77001623B8 /* MaiaApp.swift */,
				AC0BD8202B73FF77001623B8 /* ContentView.swift */,
				AC0BD8222B73FF78001623B8 /* Assets.xcassets */,
				AC0BD8242B73FF78001623B8 /* Preview Content */,
			);
			path = Maia;
			sourceTree = "<group>";
		};
		AC0BD8242B73FF78001623B8 /* Preview Content */ = {
			isa = PBXGroup;
			children = (
				AC0BD8252B73FF78001623B8 /* Preview Assets.xcassets */,
			);
			path = "Preview Content";
			sourceTree = "<group>";
		};
		AC0BD82E2B73FF79001623B8 /* MaiaTests */ = {
			isa = PBXGroup;
			children = (
				AC0BD82F2B73FF79001623B8 /* MaiaTests.swift */,
			);
			path = MaiaTests;
			sourceTree = "<group>";
		};
		AC0BD8382B73FF79001623B8 /* MaiaUITests */ = {
			isa = PBXGroup;
			children = (
				AC0BD8392B73FF79001623B8 /* MaiaUITests.swift */,
				AC0BD83B2B73FF79001623B8 /* MaiaUITestsLaunchTests.swift */,
			);
			path = MaiaUITests;
			sourceTree = "<group>";
		};
/* End PBXGroup section */

/* Begin PBXNativeTarget section */
		AC0BD81A2B73FF77001623B8 /* Maia */ = {
			isa = PBXNativeTarget;
			buildConfigurationList = AC0BD83F2B73FF79001623B8 /* Build configuration list for PBXNativeTarget "Maia" */;
			buildPhases = (
				AC0BD8172B73FF77001623B8 /* Sources */,
				AC0BD8182B73FF77001623B8 /* Frameworks */,
				AC0BD8192B73FF77001623B8 /* Resources */,
			);
			buildRules = (
			);
			dependencies = (
			);
			name = Maia;
			productName = Maia;
			productReference = AC0BD81B2B73FF77001623B8 /* Maia.app */;
			productType = "com.apple.product-type.application";
		};
		AC0BD82A2B73FF79001623B8 /* MaiaTests */ = {
			isa = PBXNativeTarget;
			buildConfigurationList = AC0BD8422B73FF79001623B8 /* Build configuration list for PBXNativeTarget "MaiaTests" */;
			buildPhases = (
				AC0BD8272B73FF79001623B8 /* Sources */,
				AC0BD8282B73FF79001623B8 /* Frameworks */,
				AC0BD8292B73FF79001623B8 /* Resources */,
			);
			buildRules = (
			);
			dependencies = (
				AC0BD82D2B73FF79001623B8 /* PBXTargetDependency */,
			);
			name = MaiaTests;
			productName = MaiaTests;
			productReference = AC0BD82B2B73FF79001623B8 /* MaiaTests.xctest */;
			productType = "com.apple.product-type.bundle.unit-test";
		};
		AC0BD8342B73FF79001623B8 /* MaiaUITests */ = {
			isa = PBXNativeTarget;
			buildConfigurationList = AC0BD8452B73FF79001623B8 /* Build configuration list for PBXNativeTarget "MaiaUITests" */;
			buildPhases = (
				AC0BD8312B73FF79001623B8 /* Sources */,
				AC0BD8322B73FF79001623B8 /* Frameworks */,
				AC0BD8332B73FF79001623B8 /* Resources */,
			);
			buildRules = (
			);
			dependencies = (
				AC0BD8372B73FF79001623B8 /* PBXTargetDependency */,
			);
			name = MaiaUITests;
			productName = MaiaUITests;
			productReference = AC0BD8352B73FF79001623B8 /* MaiaUITests.xctest */;
			productType = "com.apple.product-type.bundle.ui-testing";
		};
/* End PBXNativeTarget section */

/* Begin PBXProject section */
		AC0BD8132B73FF77001623B8 /* Project object */ = {
			isa = PBXProject;
			attributes = {
				BuildIndependentTargetsInParallel = 1;
				LastSwiftUpdateCheck = 1520;
				LastUpgradeCheck = 1520;
				TargetAttributes = {
					AC0BD81A2B73FF77001623B8 = {
						CreatedOnToolsVersion = 15.2;
					};
					AC0BD82A2B73FF79001623B8 = {
						CreatedOnToolsVersion = 15.2;
						TestTargetID = AC0BD81A2B73FF77001623B8;
					};
					AC0BD8342B73FF79001623B8 = {
						CreatedOnToolsVersion = 15.2;
						TestTargetID = AC0BD81A2B73FF77001623B8;
					};
				};
			};
			buildConfigurationList = AC0BD8162B73FF77001623B8 /* Build configuration list for PBXProject "Maia" */;
			compatibilityVersion = "Xcode 14.0";
			developmentRegion = en;
			hasScannedForEncodings = 0;
			knownRegions = (
				en,
				Base,
			);
			mainGroup = AC0BD8122B73FF77001623B8;
			productRefGroup = AC0BD81C2B73FF77001623B8 /* Products */;
			projectDirPath = "";
			projectRoot = "";
			targets = (
				AC0BD81A2B73FF77001623B8 /* Maia */,
				AC0BD82A2B73FF79001623B8 /* MaiaTests */,
				AC0BD8342B73FF79001623B8 /* MaiaUITests */,
			);
		};
/* End PBXProject section */

/* Begin PBXResourcesBuildPhase section */
		AC0BD8192B73FF77001623B8 /* Resources */ = {
			isa = PBXResourcesBuildPhase;
			buildActionMask = 2147483647;
			files = (
				AC0BD8262B73FF78001623B8 /* Preview Assets.xcassets in Resources */,
				AC0BD8232B73FF78001623B8 /* Assets.xcassets in Resources */,
			);
			runOnlyForDeploymentPostprocessing = 0;
		};
		AC0BD8292B73FF79001623B8 /* Resources */ = {
			isa = PBXResourcesBuildPhase;
			buildActionMask = 2147483647;
			files = (
			);
			runOnlyForDeploymentPostprocessing = 0;
		};
		AC0BD8332B73FF79001623B8 /* Resources */ = {
			isa = PBXResourcesBuildPhase;
			buildActionMask = 2147483647;
			files = (
			);
			runOnlyForDeploymentPostprocessing = 0;
		};
/* End PBXResourcesBuildPhase section */

/* Begin PBXSourcesBuildPhase section */
		AC0BD8172B73FF77001623B8 /* Sources */ = {
			isa = PBXSourcesBuildPhase;
			buildActionMask = 2147483647;
			files = (
				AC0BD8212B73FF77001623B8 /* ContentView.swift in Sources */,
				AC0BD81F2B73FF77001623B8 /* MaiaApp.swift in Sources */,
			);
			runOnlyForDeploymentPostprocessing = 0;
		};
		AC0BD8272B73FF79001623B8 /* Sources */ = {
			isa = PBXSourcesBuildPhase;
			buildActionMask = 2147483647;
			files = (
				AC0BD8302B73FF79001623B8 /* MaiaTests.swift in Sources */,
			);
			runOnlyForDeploymentPostprocessing = 0;
		};
		AC0BD8312B73FF79001623B8 /* Sources */ = {
			isa = PBXSourcesBuildPhase;
			buildActionMask = 2147483647;
			files = (
				AC0BD83C2B73FF79001623B8 /* MaiaUITestsLaunchTests.swift in Sources */,
				AC0BD83A2B73FF79001623B8 /* MaiaUITests.swift in Sources */,
			);
			runOnlyForDeploymentPostprocessing = 0;
		};
/* End PBXSourcesBuildPhase section */

/* Begin PBXTargetDependency section */
		AC0BD82D2B73FF79001623B8 /* PBXTargetDependency */ = {
			isa = PBXTargetDependency;
			target = AC0BD81A2B73FF77001623B8 /* Maia */;
			targetProxy = AC0BD82C2B73FF79001623B8 /* PBXContainerItemProxy */;
		};
		AC0BD8372B73FF79001623B8 /* PBXTargetDependency */ = {
			isa = PBXTargetDependency;
			target = AC0BD81A2B73FF77001623B8 /* Maia */;
			targetProxy = AC0BD8362B73FF79001623B8 /* PBXContainerItemProxy */;
		};
/* End PBXTargetDependency section */

/* Begin XCBuildConfiguration section */
		AC0BD83D2B73FF79001623B8 /* Debug */ = {
			isa = XCBuildConfiguration;
			buildSettings = {
				ALWAYS_SEARCH_USER_PATHS = NO;
				ASSETCATALOG_COMPILER_GENERATE_SWIFT_ASSET_SYMBOL_EXTENSIONS = YES;
				CLANG_ANALYZER_NONNULL = YES;
				CLANG_ANALYZER_NUMBER_OBJECT_CONVERSION = YES_AGGRESSIVE;
				CLANG_CXX_LANGUAGE_STANDARD = "gnu++20";
				CLANG_ENABLE_MODULES = YES;
				CLANG_ENABLE_OBJC_ARC = YES;
				CLANG_ENABLE_OBJC_WEAK = YES;
				CLANG_WARN_BLOCK_CAPTURE_AUTORELEASING = YES;
				CLANG_WARN_BOOL_CONVERSION = YES;
				CLANG_WARN_COMMA = YES;
				CLANG_WARN_CONSTANT_CONVERSION = YES;
				CLANG_WARN_DEPRECATED_OBJC_IMPLEMENTATIONS = YES;
				CLANG_WARN_DIRECT_OBJC_ISA_USAGE = YES_ERROR;
				CLANG_WARN_DOCUMENTATION_COMMENTS = YES;
				CLANG_WARN_EMPTY_BODY = YES;
				CLANG_WARN_ENUM_CONVERSION = YES;
				CLANG_WARN_INFINITE_RECURSION = YES;
				CLANG_WARN_INT_CONVERSION = YES;
				CLANG_WARN_NON_LITERAL_NULL_CONVERSION = YES;
				CLANG_WARN_OBJC_IMPLICIT_RETAIN_SELF = YES;
				CLANG_WARN_OBJC_LITERAL_CONVERSION = YES;
				CLANG_WARN_OBJC_ROOT_CLASS = YES_ERROR;
				CLANG_WARN_QUOTED_INCLUDE_IN_FRAMEWORK_HEADER = YES;
				CLANG_WARN_RANGE_LOOP_ANALYSIS = YES;
				CLANG_WARN_STRICT_PROTOTYPES = YES;
				CLANG_WARN_SUSPICIOUS_MOVE = YES;
				CLANG_WARN_UNGUARDED_AVAILABILITY = YES_AGGRESSIVE;
				CLANG_WARN_UNREACHABLE_CODE = YES;
				CLANG_WARN__DUPLICATE_METHOD_MATCH = YES;
				COPY_PHASE_STRIP = NO;
				DEBUG_INFORMATION_FORMAT = dwarf;
				ENABLE_STRICT_OBJC_MSGSEND = YES;
				ENABLE_TESTABILITY = YES;
				ENABLE_USER_SCRIPT_SANDBOXING = YES;
				GCC_C_LANGUAGE_STANDARD = gnu17;
				GCC_DYNAMIC_NO_PIC = NO;
				GCC_NO_COMMON_BLOCKS = YES;
				GCC_OPTIMIZATION_LEVEL = 0;
				GCC_PREPROCESSOR_DEFINITIONS = (
					"DEBUG=1",
					"$(inherited)",
				);
				GCC_WARN_64_TO_32_BIT_CONVERSION = YES;
				GCC_WARN_ABOUT_RETURN_TYPE = YES_ERROR;
				GCC_WARN_UNDECLARED_SELECTOR = YES;
				GCC_WARN_UNINITIALIZED_AUTOS = YES_AGGRESSIVE;
				GCC_WARN_UNUSED_FUNCTION = YES;
				GCC_WARN_UNUSED_VARIABLE = YES;
				IPHONEOS_DEPLOYMENT_TARGET = 17.2;
				LOCALIZATION_PREFERS_STRING_CATALOGS = YES;
				MTL_ENABLE_DEBUG_INFO = INCLUDE_SOURCE;
				MTL_FAST_MATH = YES;
				ONLY_ACTIVE_ARCH = YES;
				SDKROOT = iphoneos;
				SWIFT_ACTIVE_COMPILATION_CONDITIONS = "DEBUG $(inherited)";
				SWIFT_OPTIMIZATION_LEVEL = "-Onone";
			};
			name = Debug;
		};
		AC0BD83E2B73FF79001623B8 /* Release */ = {
			isa = XCBuildConfiguration;
			buildSettings = {
				ALWAYS_SEARCH_USER_PATHS = NO;
				ASSETCATALOG_COMPILER_GENERATE_SWIFT_ASSET_SYMBOL_EXTENSIONS = YES;
				CLANG_ANALYZER_NONNULL = YES;
				CLANG_ANALYZER_NUMBER_OBJECT_CONVERSION = YES_AGGRESSIVE;
				CLANG_CXX_LANGUAGE_STANDARD = "gnu++20";
				CLANG_ENABLE_MODULES = YES;
				CLANG_ENABLE_OBJC_ARC = YES;
				CLANG_ENABLE_OBJC_WEAK = YES;
				CLANG_WARN_BLOCK_CAPTURE_AUTORELEASING = YES;
				CLANG_WARN_BOOL_CONVERSION = YES;
				CLANG_WARN_COMMA = YES;
				CLANG_WARN_CONSTANT_CONVERSION = YES;
				CLANG_WARN_DEPRECATED_OBJC_IMPLEMENTATIONS = YES;
				CLANG_WARN_DIRECT_OBJC_ISA_USAGE = YES_ERROR;
				CLANG_WARN_DOCUMENTATION_COMMENTS = YES;
				CLANG_WARN_EMPTY_BODY = YES;
				CLANG_WARN_ENUM_CONVERSION = YES;
				CLANG_WARN_INFINITE_RECURSION = YES;
				CLANG_WARN_INT_CONVERSION = YES;
				CLANG_WARN_NON_LITERAL_NULL_CONVERSION = YES;
				CLANG_WARN_OBJC_IMPLICIT_RETAIN_SELF = YES;
				CLANG_WARN_OBJC_LITERAL_CONVERSION = YES;
				CLANG_WARN_OBJC_ROOT_CLASS = YES_ERROR;
				CLANG_WARN_QUOTED_INCLUDE_IN_FRAMEWORK_HEADER = YES;
				CLANG_WARN_RANGE_LOOP_ANALYSIS = YES;
				CLANG_WARN_STRICT_PROTOTYPES = YES;
				CLANG_WARN_SUSPICIOUS_MOVE = YES;
				CLANG_WARN_UNGUARDED_AVAILABILITY = YES_AGGRESSIVE;
				CLANG_WARN_UNREACHABLE_CODE = YES;
				CLANG_WARN__DUPLICATE_METHOD_MATCH = YES;
				COPY_PHASE_STRIP = NO;
				DEBUG_INFORMATION_FORMAT = "dwarf-with-dsym";
				ENABLE_NS_ASSERTIONS = NO;
				ENABLE_STRICT_OBJC_MSGSEND = YES;
				ENABLE_USER_SCRIPT_SANDBOXING = YES;
				GCC_C_LANGUAGE_STANDARD = gnu17;
				GCC_NO_COMMON_BLOCKS = YES;
				GCC_WARN_64_TO_32_BIT_CONVERSION = YES;
				GCC_WARN_ABOUT_RETURN_TYPE = YES_ERROR;
				GCC_WARN_UNDECLARED_SELECTOR = YES;
				GCC_WARN_UNINITIALIZED_AUTOS = YES_AGGRESSIVE;
				GCC_WARN_UNUSED_FUNCTION = YES;
				GCC_WARN_UNUSED_VARIABLE = YES;
				IPHONEOS_DEPLOYMENT_TARGET = 17.2;
				LOCALIZATION_PREFERS_STRING_CATALOGS = YES;
				MTL_ENABLE_DEBUG_INFO = NO;
				MTL_FAST_MATH = YES;
				SDKROOT = iphoneos;
				SWIFT_COMPILATION_MODE = wholemodule;
				VALIDATE_PRODUCT = YES;
			};
			name = Release;
		};
		AC0BD8402B73FF79001623B8 /* Debug */ = {
			isa = XCBuildConfiguration;
			buildSettings = {
				ASSETCATALOG_COMPILER_APPICON_NAME = AppIcon;
				ASSETCATALOG_COMPILER_GLOBAL_ACCENT_COLOR_NAME = AccentColor;
				CODE_SIGN_STYLE = Automatic;
				CURRENT_PROJECT_VERSION = 1;
				DEVELOPMENT_ASSET_PATHS = "\"Maia/Preview Content\"";
				DEVELOPMENT_TEAM = 5KDK28ZYPD;
				ENABLE_PREVIEWS = YES;
				GENERATE_INFOPLIST_FILE = YES;
				INFOPLIST_KEY_UIApplicationSceneManifest_Generation = YES;
				INFOPLIST_KEY_UIApplicationSupportsIndirectInputEvents = YES;
				INFOPLIST_KEY_UILaunchScreen_Generation = YES;
				INFOPLIST_KEY_UISupportedInterfaceOrientations_iPad = "UIInterfaceOrientationPortrait UIInterfaceOrientationPortraitUpsideDown UIInterfaceOrientationLandscapeLeft UIInterfaceOrientationLandscapeRight";
				INFOPLIST_KEY_UISupportedInterfaceOrientations_iPhone = "UIInterfaceOrientationPortrait UIInterfaceOrientationLandscapeLeft UIInterfaceOrientationLandscapeRight";
				LD_RUNPATH_SEARCH_PATHS = (
					"$(inherited)",
					"@executable_path/Frameworks",
				);
				MARKETING_VERSION = 1.0;
				PRODUCT_BUNDLE_IDENTIFIER = com.premierdarkcoffee.Maia;
				PRODUCT_NAME = "$(TARGET_NAME)";
				SWIFT_EMIT_LOC_STRINGS = YES;
				SWIFT_VERSION = 5.0;
				TARGETED_DEVICE_FAMILY = "1,2";
			};
			name = Debug;
		};
		AC0BD8412B73FF79001623B8 /* Release */ = {
			isa = XCBuildConfiguration;
			buildSettings = {
				ASSETCATALOG_COMPILER_APPICON_NAME = AppIcon;
				ASSETCATALOG_COMPILER_GLOBAL_ACCENT_COLOR_NAME = AccentColor;
				CODE_SIGN_STYLE = Automatic;
				CURRENT_PROJECT_VERSION = 1;
				DEVELOPMENT_ASSET_PATHS = "\"Maia/Preview Content\"";
				DEVELOPMENT_TEAM = 5KDK28ZYPD;
				ENABLE_PREVIEWS = YES;
				GENERATE_INFOPLIST_FILE = YES;
				INFOPLIST_KEY_UIApplicationSceneManifest_Generation = YES;
				INFOPLIST_KEY_UIApplicationSupportsIndirectInputEvents = YES;
				INFOPLIST_KEY_UILaunchScreen_Generation = YES;
				INFOPLIST_KEY_UISupportedInterfaceOrientations_iPad = "UIInterfaceOrientationPortrait UIInterfaceOrientationPortraitUpsideDown UIInterfaceOrientationLandscapeLeft UIInterfaceOrientationLandscapeRight";
				INFOPLIST_KEY_UISupportedInterfaceOrientations_iPhone = "UIInterfaceOrientationPortrait UIInterfaceOrientationLandscapeLeft UIInterfaceOrientationLandscapeRight";
				LD_RUNPATH_SEARCH_PATHS = (
					"$(inherited)",
					"@executable_path/Frameworks",
				);
				MARKETING_VERSION = 1.0;
				PRODUCT_BUNDLE_IDENTIFIER = com.premierdarkcoffee.Maia;
				PRODUCT_NAME = "$(TARGET_NAME)";
				SWIFT_EMIT_LOC_STRINGS = YES;
				SWIFT_VERSION = 5.0;
				TARGETED_DEVICE_FAMILY = "1,2";
			};
			name = Release;
		};
		AC0BD8432B73FF79001623B8 /* Debug */ = {
			isa = XCBuildConfiguration;
			buildSettings = {
				ALWAYS_EMBED_SWIFT_STANDARD_LIBRARIES = YES;
				BUNDLE_LOADER = "$(TEST_HOST)";
				CODE_SIGN_STYLE = Automatic;
				CURRENT_PROJECT_VERSION = 1;
				DEVELOPMENT_TEAM = 5KDK28ZYPD;
				GENERATE_INFOPLIST_FILE = YES;
				IPHONEOS_DEPLOYMENT_TARGET = 17.2;
				MARKETING_VERSION = 1.0;
				PRODUCT_BUNDLE_IDENTIFIER = com.premierdarkcoffee.MaiaTests;
				PRODUCT_NAME = "$(TARGET_NAME)";
				SWIFT_EMIT_LOC_STRINGS = NO;
				SWIFT_VERSION = 5.0;
				TARGETED_DEVICE_FAMILY = "1,2";
				TEST_HOST = "$(BUILT_PRODUCTS_DIR)/Maia.app/$(BUNDLE_EXECUTABLE_FOLDER_PATH)/Maia";
			};
			name = Debug;
		};
		AC0BD8442B73FF79001623B8 /* Release */ = {
			isa = XCBuildConfiguration;
			buildSettings = {
				ALWAYS_EMBED_SWIFT_STANDARD_LIBRARIES = YES;
				BUNDLE_LOADER = "$(TEST_HOST)";
				CODE_SIGN_STYLE = Automatic;
				CURRENT_PROJECT_VERSION = 1;
				DEVELOPMENT_TEAM = 5KDK28ZYPD;
				GENERATE_INFOPLIST_FILE = YES;
				IPHONEOS_DEPLOYMENT_TARGET = 17.2;
				MARKETING_VERSION = 1.0;
				PRODUCT_BUNDLE_IDENTIFIER = com.premierdarkcoffee.MaiaTests;
				PRODUCT_NAME = "$(TARGET_NAME)";
				SWIFT_EMIT_LOC_STRINGS = NO;
				SWIFT_VERSION = 5.0;
				TARGETED_DEVICE_FAMILY = "1,2";
				TEST_HOST = "$(BUILT_PRODUCTS_DIR)/Maia.app/$(BUNDLE_EXECUTABLE_FOLDER_PATH)/Maia";
			};
			name = Release;
		};
		AC0BD8462B73FF79001623B8 /* Debug */ = {
			isa = XCBuildConfiguration;
			buildSettings = {
				ALWAYS_EMBED_SWIFT_STANDARD_LIBRARIES = YES;
				CODE_SIGN_STYLE = Automatic;
				CURRENT_PROJECT_VERSION = 1;
				DEVELOPMENT_TEAM = 5KDK28ZYPD;
				GENERATE_INFOPLIST_FILE = YES;
				MARKETING_VERSION = 1.0;
				PRODUCT_BUNDLE_IDENTIFIER = com.premierdarkcoffee.MaiaUITests;
				PRODUCT_NAME = "$(TARGET_NAME)";
				SWIFT_EMIT_LOC_STRINGS = NO;
				SWIFT_VERSION = 5.0;
				TARGETED_DEVICE_FAMILY = "1,2";
				TEST_TARGET_NAME = Maia;
			};
			name = Debug;
		};
		AC0BD8472B73FF79001623B8 /* Release */ = {
			isa = XCBuildConfiguration;
			buildSettings = {
				ALWAYS_EMBED_SWIFT_STANDARD_LIBRARIES = YES;
				CODE_SIGN_STYLE = Automatic;
				CURRENT_PROJECT_VERSION = 1;
				DEVELOPMENT_TEAM = 5KDK28ZYPD;
				GENERATE_INFOPLIST_FILE = YES;
				MARKETING_VERSION = 1.0;
				PRODUCT_BUNDLE_IDENTIFIER = com.premierdarkcoffee.MaiaUITests;
				PRODUCT_NAME = "$(TARGET_NAME)";
				SWIFT_EMIT_LOC_STRINGS = NO;
				SWIFT_VERSION = 5.0;
				TARGETED_DEVICE_FAMILY = "1,2";
				TEST_TARGET_NAME = Maia;
			};
			name = Release;
		};
/* End XCBuildConfiguration section */

/* Begin XCConfigurationList section */
		AC0BD8162B73FF77001623B8 /* Build configuration list for PBXProject "Maia" */ = {
			isa = XCConfigurationList;
			buildConfigurations = (
				AC0BD83D2B73FF79001623B8 /* Debug */,
				AC0BD83E2B73FF79001623B8 /* Release */,
			);
			defaultConfigurationIsVisible = 0;
			defaultConfigurationName = Release;
		};
		AC0BD83F2B73FF79001623B8 /* Build configuration list for PBXNativeTarget "Maia" */ = {
			isa = XCConfigurationList;
			buildConfigurations = (
				AC0BD8402B73FF79001623B8 /* Debug */,
				AC0BD8412B73FF79001623B8 /* Release */,
			);
			defaultConfigurationIsVisible = 0;
			defaultConfigurationName = Release;
		};
		AC0BD8422B73FF79001623B8 /* Build configuration list for PBXNativeTarget "MaiaTests" */ = {
			isa = XCConfigurationList;
			buildConfigurations = (
				AC0BD8432B73FF79001623B8 /* Debug */,
				AC0BD8442B73FF79001623B8 /* Release */,
			);
			defaultConfigurationIsVisible = 0;
			defaultConfigurationName = Release;
		};
		AC0BD8452B73FF79001623B8 /* Build configuration list for PBXNativeTarget "MaiaUITests" */ = {
			isa = XCConfigurationList;
			buildConfigurations = (
				AC0BD8462B73FF79001623B8 /* Debug */,
				AC0BD8472B73FF79001623B8 /* Release */,
			);
			defaultConfigurationIsVisible = 0;
			defaultConfigurationName = Release;
		};
/* End XCConfigurationList section */
	};
	rootObject = AC0BD8132B73FF77001623B8 /* Project object */;
}
